
Microsoft Visual Studio Solution File, Format Version 12.00
# Visual Studio 15
VisualStudioVersion = 15.0.28010.2046
MinimumVisualStudioVersion = 10.0.40219.1
Project("{FAE04EC0-301F-11D3-BF4B-00C04F79EFBC}") = "webgangsterclicker", "webgangsterclicker\webgangsterclicker.csproj", "{9B2B5342-6C09-40AE-98DF-A2AF6CD9F300}"
EndProject
Global
	GlobalSection(SolutionConfigurationPlatforms) = preSolution
		Debug|Any CPU = Debug|Any CPU
		Release|Any CPU = Release|Any CPU
	EndGlobalSection
	GlobalSection(ProjectConfigurationPlatforms) = postSolution
		{9B2B5342-6C09-40AE-98DF-A2AF6CD9F300}.Debug|Any CPU.ActiveCfg = Debug|Any CPU
		{9B2B5342-6C09-40AE-98DF-A2AF6CD9F300}.Debug|Any CPU.Build.0 = Debug|Any CPU
		{9B2B5342-6C09-40AE-98DF-A2AF6CD9F300}.Release|Any CPU.ActiveCfg = Release|Any CPU
		{9B2B5342-6C09-40AE-98DF-A2AF6CD9F300}.Release|Any CPU.Build.0 = Release|Any CPU
	EndGlobalSection
	GlobalSection(SolutionProperties) = preSolution
		HideSolutionNode = FALSE
	EndGlobalSection
	GlobalSection(ExtensibilityGlobals) = postSolution
		SolutionGuid = {A958AC85-8217-46F0-B87E-81F7E3464DC8}
	EndGlobalSection
EndGlobal
